
Microsoft Visual Studio Solution File, Format Version 12.00
# Visual Studio Version 17
VisualStudioVersion = 17.0.31903.59
MinimumVisualStudioVersion = 10.0.40219.1
Project("{2150E333-8FDC-42A3-9474-1A3956D46DE8}") = "Backend.Api", "Backend.Api", "{8D3BAE1F-1183-40AC-9C3E-CEC3CFA57A84}"
EndProject
Project("{FAE04EC0-301F-11D3-BF4B-00C04F79EFBC}") = "Backend.Api", "src\Backend.Api\Backend.Api.csproj", "{B06B8952-C353-4AD7-BA38-0938BE6324EB}"
EndProject
Project("{2150E333-8FDC-42A3-9474-1A3956D46DE8}") = "Backend.Modules.Shared", "Backend.Modules.Shared", "{AA10C619-176D-48DB-8458-DB8639DB5D9F}"
EndProject
Project("{FAE04EC0-301F-11D3-BF4B-00C04F79EFBC}") = "Backend.Modules.Shared", "src\Backend.Modules.Shared\Backend.Modules.Shared.csproj", "{E3B78A06-0CF8-4C0E-80DD-7413345F6DC5}"
EndProject
Project("{2150E333-8FDC-42A3-9474-1A3956D46DE8}") = "Backend.Modules.SomeEntity", "Backend.Modules.SomeEntity", "{2522EEEE-9DBB-420E-BA05-57839C83A07E}"
EndProject
Project("{2150E333-8FDC-42A3-9474-1A3956D46DE8}") = "Backend.Module.Order", "Backend.Module.Order", "{95C7972A-5037-4D7A-987B-8869DBC5FFC0}"
EndProject
Project("{FAE04EC0-301F-11D3-BF4B-00C04F79EFBC}") = "Backend.Modules.Order", "src/Backend.Modules.Order\Backend.Modules.Order.csproj", "{DBDA2BBE-4023-4955-A977-900DE59ADF4F}"
EndProject
Project("{FAE04EC0-301F-11D3-BF4B-00C04F79EFBC}") = "Backend.Modules.Auth", "src\Backend.Modules.Auth\Backend.Modules.Auth.csproj", "{63BEAA57-EECD-4B87-8A1F-902618EE5C14}"
EndProject
Project("{FAE04EC0-301F-11D3-BF4B-00C04F79EFBC}") = "Backend.Module.Tax", "src\Backend.Module.Tax\Backend.Module.Tax.csproj", "{EF667D75-7215-443F-94C9-C72967A8A344}"
EndProject
Project("{FAE04EC0-301F-11D3-BF4B-00C04F79EFBC}") = "Backend.Module.Kit", "src\Backend.Module.Kit\Backend.Module.Kit.csproj", "{DED6D77C-6D3D-44F1-B412-31E206EFF962}"
EndProject
Global
	GlobalSection(SolutionConfigurationPlatforms) = preSolution
		Debug|Any CPU = Debug|Any CPU
		Release|Any CPU = Release|Any CPU
	EndGlobalSection
	GlobalSection(SolutionProperties) = preSolution
		HideSolutionNode = FALSE
	EndGlobalSection
	GlobalSection(NestedProjects) = preSolution
		{B06B8952-C353-4AD7-BA38-0938BE6324EB} = {8D3BAE1F-1183-40AC-9C3E-CEC3CFA57A84}
		{E3B78A06-0CF8-4C0E-80DD-7413345F6DC5} = {AA10C619-176D-48DB-8458-DB8639DB5D9F}
		{DBDA2BBE-4023-4955-A977-900DE59ADF4F} = {95C7972A-5037-4D7A-987B-8869DBC5FFC0}
	EndGlobalSection
	GlobalSection(ProjectConfigurationPlatforms) = postSolution
		{B06B8952-C353-4AD7-BA38-0938BE6324EB}.Debug|Any CPU.ActiveCfg = Debug|Any CPU
		{B06B8952-C353-4AD7-BA38-0938BE6324EB}.Debug|Any CPU.Build.0 = Debug|Any CPU
		{B06B8952-C353-4AD7-BA38-0938BE6324EB}.Release|Any CPU.ActiveCfg = Release|Any CPU
		{B06B8952-C353-4AD7-BA38-0938BE6324EB}.Release|Any CPU.Build.0 = Release|Any CPU
		{E3B78A06-0CF8-4C0E-80DD-7413345F6DC5}.Debug|Any CPU.ActiveCfg = Debug|Any CPU
		{E3B78A06-0CF8-4C0E-80DD-7413345F6DC5}.Debug|Any CPU.Build.0 = Debug|Any CPU
		{E3B78A06-0CF8-4C0E-80DD-7413345F6DC5}.Release|Any CPU.ActiveCfg = Release|Any CPU
		{E3B78A06-0CF8-4C0E-80DD-7413345F6DC5}.Release|Any CPU.Build.0 = Release|Any CPU
		{DBDA2BBE-4023-4955-A977-900DE59ADF4F}.Debug|Any CPU.ActiveCfg = Debug|Any CPU
		{DBDA2BBE-4023-4955-A977-900DE59ADF4F}.Debug|Any CPU.Build.0 = Debug|Any CPU
		{DBDA2BBE-4023-4955-A977-900DE59ADF4F}.Release|Any CPU.ActiveCfg = Release|Any CPU
		{DBDA2BBE-4023-4955-A977-900DE59ADF4F}.Release|Any CPU.Build.0 = Release|Any CPU
		{63BEAA57-EECD-4B87-8A1F-902618EE5C14}.Debug|Any CPU.ActiveCfg = Debug|Any CPU
		{63BEAA57-EECD-4B87-8A1F-902618EE5C14}.Debug|Any CPU.Build.0 = Debug|Any CPU
		{63BEAA57-EECD-4B87-8A1F-902618EE5C14}.Release|Any CPU.ActiveCfg = Release|Any CPU
		{63BEAA57-EECD-4B87-8A1F-902618EE5C14}.Release|Any CPU.Build.0 = Release|Any CPU
		{EF667D75-7215-443F-94C9-C72967A8A344}.Debug|Any CPU.ActiveCfg = Debug|Any CPU
		{EF667D75-7215-443F-94C9-C72967A8A344}.Debug|Any CPU.Build.0 = Debug|Any CPU
		{EF667D75-7215-443F-94C9-C72967A8A344}.Release|Any CPU.ActiveCfg = Release|Any CPU
		{EF667D75-7215-443F-94C9-C72967A8A344}.Release|Any CPU.Build.0 = Release|Any CPU
		{DED6D77C-6D3D-44F1-B412-31E206EFF962}.Debug|Any CPU.ActiveCfg = Debug|Any CPU
		{DED6D77C-6D3D-44F1-B412-31E206EFF962}.Debug|Any CPU.Build.0 = Debug|Any CPU
		{DED6D77C-6D3D-44F1-B412-31E206EFF962}.Release|Any CPU.ActiveCfg = Release|Any CPU
		{DED6D77C-6D3D-44F1-B412-31E206EFF962}.Release|Any CPU.Build.0 = Release|Any CPU
	EndGlobalSection
EndGlobal
